
Microsoft Visual Studio Solution File, Format Version 12.00
# Visual Studio Version 17
VisualStudioVersion = 17.0.31903.59
MinimumVisualStudioVersion = 10.0.40219.1
Project("{FAE04EC0-301F-11D3-BF4B-00C04F79EFBC}") = "Monitoramento.API", "Monitoramento.API\Monitoramento.API.csproj", "{94D8D9BD-3A1C-4E2C-B1A7-26E3001D74ED}"
EndProject
Project("{FAE04EC0-301F-11D3-BF4B-00C04F79EFBC}") = "Monitoramento.Domain", "Monitoramento.Domain\Monitoramento.Domain.csproj", "{03354A02-4619-4905-9798-AC5DFB424C45}"
EndProject
Project("{FAE04EC0-301F-11D3-BF4B-00C04F79EFBC}") = "Monitoramento.Infrastructure", "Monitoramento.Infrastructure\Monitoramento.Infrastructure.csproj", "{414408B1-0B83-4630-B23B-A9A137F5A75A}"
EndProject
Global
	GlobalSection(SolutionConfigurationPlatforms) = preSolution
		Debug|Any CPU = Debug|Any CPU
		Release|Any CPU = Release|Any CPU
	EndGlobalSection
	GlobalSection(SolutionProperties) = preSolution
		HideSolutionNode = FALSE
	EndGlobalSection
	GlobalSection(ProjectConfigurationPlatforms) = postSolution
		{94D8D9BD-3A1C-4E2C-B1A7-26E3001D74ED}.Debug|Any CPU.ActiveCfg = Debug|Any CPU
		{94D8D9BD-3A1C-4E2C-B1A7-26E3001D74ED}.Debug|Any CPU.Build.0 = Debug|Any CPU
		{94D8D9BD-3A1C-4E2C-B1A7-26E3001D74ED}.Release|Any CPU.ActiveCfg = Release|Any CPU
		{94D8D9BD-3A1C-4E2C-B1A7-26E3001D74ED}.Release|Any CPU.Build.0 = Release|Any CPU
		{03354A02-4619-4905-9798-AC5DFB424C45}.Debug|Any CPU.ActiveCfg = Debug|Any CPU
		{03354A02-4619-4905-9798-AC5DFB424C45}.Debug|Any CPU.Build.0 = Debug|Any CPU
		{03354A02-4619-4905-9798-AC5DFB424C45}.Release|Any CPU.ActiveCfg = Release|Any CPU
		{03354A02-4619-4905-9798-AC5DFB424C45}.Release|Any CPU.Build.0 = Release|Any CPU
		{414408B1-0B83-4630-B23B-A9A137F5A75A}.Debug|Any CPU.ActiveCfg = Debug|Any CPU
		{414408B1-0B83-4630-B23B-A9A137F5A75A}.Debug|Any CPU.Build.0 = Debug|Any CPU
		{414408B1-0B83-4630-B23B-A9A137F5A75A}.Release|Any CPU.ActiveCfg = Release|Any CPU
		{414408B1-0B83-4630-B23B-A9A137F5A75A}.Release|Any CPU.Build.0 = Release|Any CPU
	EndGlobalSection
EndGlobal
